// !$*UTF8*$!
{
	archiveVersion = 1;
	classes = {
	};
	objectVersion = 56;
	objects = {

/* Begin PBXBuildFile section */
		8C18EAF78BD9DBD058369B3F /* Pods_Stitch.framework in Frameworks */ = {isa = PBXBuildFile; fileRef = 79B48A0E85C7299D787CEEF9 /* Pods_Stitch.framework */; };
		9A66FE6C29AF475C00F6ACD5 /* AppDelegate.swift in Sources */ = {isa = PBXBuildFile; fileRef = 9A66FE6B29AF475C00F6ACD5 /* AppDelegate.swift */; };
		9A66FE7529AF475E00F6ACD5 /* Assets.xcassets in Resources */ = {isa = PBXBuildFile; fileRef = 9A66FE7429AF475E00F6ACD5 /* Assets.xcassets */; };
		9A66FE8329AF481E00F6ACD5 /* BaseView.swift in Sources */ = {isa = PBXBuildFile; fileRef = 9A66FE8229AF481E00F6ACD5 /* BaseView.swift */; };
		9A66FE8529AF482800F6ACD5 /* BaseController.swift in Sources */ = {isa = PBXBuildFile; fileRef = 9A66FE8429AF482800F6ACD5 /* BaseController.swift */; };
		9A66FE8729AF483000F6ACD5 /* BaseViewModel.swift in Sources */ = {isa = PBXBuildFile; fileRef = 9A66FE8629AF483000F6ACD5 /* BaseViewModel.swift */; };
		9A66FE8A29AF489D00F6ACD5 /* LogInView.swift in Sources */ = {isa = PBXBuildFile; fileRef = 9A66FE8929AF489D00F6ACD5 /* LogInView.swift */; };
		9A66FE8C29AF48A400F6ACD5 /* LogInController.swift in Sources */ = {isa = PBXBuildFile; fileRef = 9A66FE8B29AF48A400F6ACD5 /* LogInController.swift */; };
		9A66FE8E29AF48AE00F6ACD5 /* LogInViewModel.swift in Sources */ = {isa = PBXBuildFile; fileRef = 9A66FE8D29AF48AE00F6ACD5 /* LogInViewModel.swift */; };
		9A66FE9129AF490300F6ACD5 /* AppFlow.swift in Sources */ = {isa = PBXBuildFile; fileRef = 9A66FE9029AF490300F6ACD5 /* AppFlow.swift */; };
		9A66FE9329AF492400F6ACD5 /* AuthService.swift in Sources */ = {isa = PBXBuildFile; fileRef = 9A66FE9229AF492400F6ACD5 /* AuthService.swift */; };
/* End PBXBuildFile section */

/* Begin PBXFileReference section */
		0E6BDF5259B4489BFD810343 /* Pods-Stitch.debug.xcconfig */ = {isa = PBXFileReference; includeInIndex = 1; lastKnownFileType = text.xcconfig; name = "Pods-Stitch.debug.xcconfig"; path = "Target Support Files/Pods-Stitch/Pods-Stitch.debug.xcconfig"; sourceTree = "<group>"; };
		79B48A0E85C7299D787CEEF9 /* Pods_Stitch.framework */ = {isa = PBXFileReference; explicitFileType = wrapper.framework; includeInIndex = 0; path = Pods_Stitch.framework; sourceTree = BUILT_PRODUCTS_DIR; };
		7F1597F86320BAFD654F1655 /* Pods-Stitch.release.xcconfig */ = {isa = PBXFileReference; includeInIndex = 1; lastKnownFileType = text.xcconfig; name = "Pods-Stitch.release.xcconfig"; path = "Target Support Files/Pods-Stitch/Pods-Stitch.release.xcconfig"; sourceTree = "<group>"; };
		9A66FE6829AF475C00F6ACD5 /* Stitch.app */ = {isa = PBXFileReference; explicitFileType = wrapper.application; includeInIndex = 0; path = Stitch.app; sourceTree = BUILT_PRODUCTS_DIR; };
		9A66FE6B29AF475C00F6ACD5 /* AppDelegate.swift */ = {isa = PBXFileReference; lastKnownFileType = sourcecode.swift; path = AppDelegate.swift; sourceTree = "<group>"; };
		9A66FE7429AF475E00F6ACD5 /* Assets.xcassets */ = {isa = PBXFileReference; lastKnownFileType = folder.assetcatalog; path = Assets.xcassets; sourceTree = "<group>"; };
		9A66FE7929AF475E00F6ACD5 /* Info.plist */ = {isa = PBXFileReference; lastKnownFileType = text.plist.xml; path = Info.plist; sourceTree = "<group>"; };
		9A66FE8229AF481E00F6ACD5 /* BaseView.swift */ = {isa = PBXFileReference; lastKnownFileType = sourcecode.swift; path = BaseView.swift; sourceTree = "<group>"; };
		9A66FE8429AF482800F6ACD5 /* BaseController.swift */ = {isa = PBXFileReference; lastKnownFileType = sourcecode.swift; path = BaseController.swift; sourceTree = "<group>"; };
		9A66FE8629AF483000F6ACD5 /* BaseViewModel.swift */ = {isa = PBXFileReference; lastKnownFileType = sourcecode.swift; path = BaseViewModel.swift; sourceTree = "<group>"; };
		9A66FE8929AF489D00F6ACD5 /* LogInView.swift */ = {isa = PBXFileReference; lastKnownFileType = sourcecode.swift; path = LogInView.swift; sourceTree = "<group>"; };
		9A66FE8B29AF48A400F6ACD5 /* LogInController.swift */ = {isa = PBXFileReference; lastKnownFileType = sourcecode.swift; path = LogInController.swift; sourceTree = "<group>"; };
		9A66FE8D29AF48AE00F6ACD5 /* LogInViewModel.swift */ = {isa = PBXFileReference; lastKnownFileType = sourcecode.swift; path = LogInViewModel.swift; sourceTree = "<group>"; };
		9A66FE9029AF490300F6ACD5 /* AppFlow.swift */ = {isa = PBXFileReference; lastKnownFileType = sourcecode.swift; path = AppFlow.swift; sourceTree = "<group>"; };
		9A66FE9229AF492400F6ACD5 /* AuthService.swift */ = {isa = PBXFileReference; lastKnownFileType = sourcecode.swift; path = AuthService.swift; sourceTree = "<group>"; };
/* End PBXFileReference section */

/* Begin PBXFrameworksBuildPhase section */
		9A66FE6529AF475C00F6ACD5 /* Frameworks */ = {
			isa = PBXFrameworksBuildPhase;
			buildActionMask = 2147483647;
			files = (
				8C18EAF78BD9DBD058369B3F /* Pods_Stitch.framework in Frameworks */,
			);
			runOnlyForDeploymentPostprocessing = 0;
		};
/* End PBXFrameworksBuildPhase section */

/* Begin PBXGroup section */
		82CE785B75F5014706BBC82D /* Pods */ = {
			isa = PBXGroup;
			children = (
				0E6BDF5259B4489BFD810343 /* Pods-Stitch.debug.xcconfig */,
				7F1597F86320BAFD654F1655 /* Pods-Stitch.release.xcconfig */,
			);
			path = Pods;
			sourceTree = "<group>";
		};
		85CDCE15673FE6C9616E7DA6 /* Frameworks */ = {
			isa = PBXGroup;
			children = (
				79B48A0E85C7299D787CEEF9 /* Pods_Stitch.framework */,
			);
			name = Frameworks;
			sourceTree = "<group>";
		};
		9A66FE5F29AF475B00F6ACD5 = {
			isa = PBXGroup;
			children = (
				9A66FE6A29AF475C00F6ACD5 /* Stitch */,
				9A66FE6929AF475C00F6ACD5 /* Products */,
				82CE785B75F5014706BBC82D /* Pods */,
				85CDCE15673FE6C9616E7DA6 /* Frameworks */,
			);
			sourceTree = "<group>";
		};
		9A66FE6929AF475C00F6ACD5 /* Products */ = {
			isa = PBXGroup;
			children = (
				9A66FE6829AF475C00F6ACD5 /* Stitch.app */,
			);
			name = Products;
			sourceTree = "<group>";
		};
		9A66FE6A29AF475C00F6ACD5 /* Stitch */ = {
			isa = PBXGroup;
			children = (
				9A66FE7F29AF47FE00F6ACD5 /* Application */,
				9A66FE8029AF480F00F6ACD5 /* Core */,
				9A66FE8829AF489300F6ACD5 /* LogIn */,
				9A66FE7429AF475E00F6ACD5 /* Assets.xcassets */,
				9A66FE7929AF475E00F6ACD5 /* Info.plist */,
			);
			path = Stitch;
			sourceTree = "<group>";
		};
		9A66FE7F29AF47FE00F6ACD5 /* Application */ = {
			isa = PBXGroup;
			children = (
				9A66FE8F29AF48F000F6ACD5 /* Flow */,
				9A66FE6B29AF475C00F6ACD5 /* AppDelegate.swift */,
			);
			path = Application;
			sourceTree = "<group>";
		};
		9A66FE8029AF480F00F6ACD5 /* Core */ = {
			isa = PBXGroup;
			children = (
				9A66FE8129AF481500F6ACD5 /* Base */,
			);
			path = Core;
			sourceTree = "<group>";
		};
		9A66FE8129AF481500F6ACD5 /* Base */ = {
			isa = PBXGroup;
			children = (
				9A66FE8229AF481E00F6ACD5 /* BaseView.swift */,
				9A66FE8429AF482800F6ACD5 /* BaseController.swift */,
				9A66FE8629AF483000F6ACD5 /* BaseViewModel.swift */,
			);
			path = Base;
			sourceTree = "<group>";
		};
		9A66FE8829AF489300F6ACD5 /* LogIn */ = {
			isa = PBXGroup;
			children = (
				9A66FE9229AF492400F6ACD5 /* AuthService.swift */,
				9A66FE8929AF489D00F6ACD5 /* LogInView.swift */,
				9A66FE8B29AF48A400F6ACD5 /* LogInController.swift */,
				9A66FE8D29AF48AE00F6ACD5 /* LogInViewModel.swift */,
			);
			path = LogIn;
			sourceTree = "<group>";
		};
		9A66FE8F29AF48F000F6ACD5 /* Flow */ = {
			isa = PBXGroup;
			children = (
				9A66FE9029AF490300F6ACD5 /* AppFlow.swift */,
			);
			path = Flow;
			sourceTree = "<group>";
		};
/* End PBXGroup section */

/* Begin PBXNativeTarget section */
		9A66FE6729AF475C00F6ACD5 /* Stitch */ = {
			isa = PBXNativeTarget;
			buildConfigurationList = 9A66FE7C29AF475E00F6ACD5 /* Build configuration list for PBXNativeTarget "Stitch" */;
			buildPhases = (
				D95395BDD0D4D0BC21818EAB /* [CP] Check Pods Manifest.lock */,
				9A66FE6429AF475C00F6ACD5 /* Sources */,
				9A66FE6529AF475C00F6ACD5 /* Frameworks */,
				9A66FE6629AF475C00F6ACD5 /* Resources */,
				56336F86F8588BB0F6F9FD83 /* [CP] Embed Pods Frameworks */,
			);
			buildRules = (
			);
			dependencies = (
			);
			name = Stitch;
			productName = Stitch;
			productReference = 9A66FE6829AF475C00F6ACD5 /* Stitch.app */;
			productType = "com.apple.product-type.application";
		};
/* End PBXNativeTarget section */

/* Begin PBXProject section */
		9A66FE6029AF475B00F6ACD5 /* Project object */ = {
			isa = PBXProject;
			attributes = {
				BuildIndependentTargetsInParallel = 1;
				LastSwiftUpdateCheck = 1400;
				LastUpgradeCheck = 1400;
				TargetAttributes = {
					9A66FE6729AF475C00F6ACD5 = {
						CreatedOnToolsVersion = 14.0.1;
					};
				};
			};
			buildConfigurationList = 9A66FE6329AF475B00F6ACD5 /* Build configuration list for PBXProject "Stitch" */;
			compatibilityVersion = "Xcode 14.0";
			developmentRegion = en;
			hasScannedForEncodings = 0;
			knownRegions = (
				en,
				Base,
			);
			mainGroup = 9A66FE5F29AF475B00F6ACD5;
			productRefGroup = 9A66FE6929AF475C00F6ACD5 /* Products */;
			projectDirPath = "";
			projectRoot = "";
			targets = (
				9A66FE6729AF475C00F6ACD5 /* Stitch */,
			);
		};
/* End PBXProject section */

/* Begin PBXResourcesBuildPhase section */
		9A66FE6629AF475C00F6ACD5 /* Resources */ = {
			isa = PBXResourcesBuildPhase;
			buildActionMask = 2147483647;
			files = (
				9A66FE7529AF475E00F6ACD5 /* Assets.xcassets in Resources */,
			);
			runOnlyForDeploymentPostprocessing = 0;
		};
/* End PBXResourcesBuildPhase section */

/* Begin PBXShellScriptBuildPhase section */
		56336F86F8588BB0F6F9FD83 /* [CP] Embed Pods Frameworks */ = {
			isa = PBXShellScriptBuildPhase;
			buildActionMask = 2147483647;
			files = (
			);
			inputFileListPaths = (
				"${PODS_ROOT}/Target Support Files/Pods-Stitch/Pods-Stitch-frameworks-${CONFIGURATION}-input-files.xcfilelist",
			);
			name = "[CP] Embed Pods Frameworks";
			outputFileListPaths = (
				"${PODS_ROOT}/Target Support Files/Pods-Stitch/Pods-Stitch-frameworks-${CONFIGURATION}-output-files.xcfilelist",
			);
			runOnlyForDeploymentPostprocessing = 0;
			shellPath = /bin/sh;
			shellScript = "\"${PODS_ROOT}/Target Support Files/Pods-Stitch/Pods-Stitch-frameworks.sh\"\n";
			showEnvVarsInLog = 0;
		};
		D95395BDD0D4D0BC21818EAB /* [CP] Check Pods Manifest.lock */ = {
			isa = PBXShellScriptBuildPhase;
			buildActionMask = 2147483647;
			files = (
			);
			inputFileListPaths = (
			);
			inputPaths = (
				"${PODS_PODFILE_DIR_PATH}/Podfile.lock",
				"${PODS_ROOT}/Manifest.lock",
			);
			name = "[CP] Check Pods Manifest.lock";
			outputFileListPaths = (
			);
			outputPaths = (
				"$(DERIVED_FILE_DIR)/Pods-Stitch-checkManifestLockResult.txt",
			);
			runOnlyForDeploymentPostprocessing = 0;
			shellPath = /bin/sh;
			shellScript = "diff \"${PODS_PODFILE_DIR_PATH}/Podfile.lock\" \"${PODS_ROOT}/Manifest.lock\" > /dev/null\nif [ $? != 0 ] ; then\n    # print error to STDERR\n    echo \"error: The sandbox is not in sync with the Podfile.lock. Run 'pod install' or update your CocoaPods installation.\" >&2\n    exit 1\nfi\n# This output is used by Xcode 'outputs' to avoid re-running this script phase.\necho \"SUCCESS\" > \"${SCRIPT_OUTPUT_FILE_0}\"\n";
			showEnvVarsInLog = 0;
		};
/* End PBXShellScriptBuildPhase section */

/* Begin PBXSourcesBuildPhase section */
		9A66FE6429AF475C00F6ACD5 /* Sources */ = {
			isa = PBXSourcesBuildPhase;
			buildActionMask = 2147483647;
			files = (
				9A66FE8A29AF489D00F6ACD5 /* LogInView.swift in Sources */,
				9A66FE9129AF490300F6ACD5 /* AppFlow.swift in Sources */,
				9A66FE8329AF481E00F6ACD5 /* BaseView.swift in Sources */,
				9A66FE8C29AF48A400F6ACD5 /* LogInController.swift in Sources */,
				9A66FE8729AF483000F6ACD5 /* BaseViewModel.swift in Sources */,
				9A66FE8E29AF48AE00F6ACD5 /* LogInViewModel.swift in Sources */,
				9A66FE9329AF492400F6ACD5 /* AuthService.swift in Sources */,
				9A66FE8529AF482800F6ACD5 /* BaseController.swift in Sources */,
				9A66FE6C29AF475C00F6ACD5 /* AppDelegate.swift in Sources */,
			);
			runOnlyForDeploymentPostprocessing = 0;
		};
/* End PBXSourcesBuildPhase section */

/* Begin XCBuildConfiguration section */
		9A66FE7A29AF475E00F6ACD5 /* Debug */ = {
			isa = XCBuildConfiguration;
			buildSettings = {
				ALWAYS_SEARCH_USER_PATHS = NO;
				CLANG_ANALYZER_NONNULL = YES;
				CLANG_ANALYZER_NUMBER_OBJECT_CONVERSION = YES_AGGRESSIVE;
				CLANG_CXX_LANGUAGE_STANDARD = "gnu++20";
				CLANG_ENABLE_MODULES = YES;
				CLANG_ENABLE_OBJC_ARC = YES;
				CLANG_ENABLE_OBJC_WEAK = YES;
				CLANG_WARN_BLOCK_CAPTURE_AUTORELEASING = YES;
				CLANG_WARN_BOOL_CONVERSION = YES;
				CLANG_WARN_COMMA = YES;
				CLANG_WARN_CONSTANT_CONVERSION = YES;
				CLANG_WARN_DEPRECATED_OBJC_IMPLEMENTATIONS = YES;
				CLANG_WARN_DIRECT_OBJC_ISA_USAGE = YES_ERROR;
				CLANG_WARN_DOCUMENTATION_COMMENTS = YES;
				CLANG_WARN_EMPTY_BODY = YES;
				CLANG_WARN_ENUM_CONVERSION = YES;
				CLANG_WARN_INFINITE_RECURSION = YES;
				CLANG_WARN_INT_CONVERSION = YES;
				CLANG_WARN_NON_LITERAL_NULL_CONVERSION = YES;
				CLANG_WARN_OBJC_IMPLICIT_RETAIN_SELF = YES;
				CLANG_WARN_OBJC_LITERAL_CONVERSION = YES;
				CLANG_WARN_OBJC_ROOT_CLASS = YES_ERROR;
				CLANG_WARN_QUOTED_INCLUDE_IN_FRAMEWORK_HEADER = YES;
				CLANG_WARN_RANGE_LOOP_ANALYSIS = YES;
				CLANG_WARN_STRICT_PROTOTYPES = YES;
				CLANG_WARN_SUSPICIOUS_MOVE = YES;
				CLANG_WARN_UNGUARDED_AVAILABILITY = YES_AGGRESSIVE;
				CLANG_WARN_UNREACHABLE_CODE = YES;
				CLANG_WARN__DUPLICATE_METHOD_MATCH = YES;
				COPY_PHASE_STRIP = NO;
				DEBUG_INFORMATION_FORMAT = dwarf;
				ENABLE_STRICT_OBJC_MSGSEND = YES;
				ENABLE_TESTABILITY = YES;
				GCC_C_LANGUAGE_STANDARD = gnu11;
				GCC_DYNAMIC_NO_PIC = NO;
				GCC_NO_COMMON_BLOCKS = YES;
				GCC_OPTIMIZATION_LEVEL = 0;
				GCC_PREPROCESSOR_DEFINITIONS = (
					"DEBUG=1",
					"$(inherited)",
				);
				GCC_WARN_64_TO_32_BIT_CONVERSION = YES;
				GCC_WARN_ABOUT_RETURN_TYPE = YES_ERROR;
				GCC_WARN_UNDECLARED_SELECTOR = YES;
				GCC_WARN_UNINITIALIZED_AUTOS = YES_AGGRESSIVE;
				GCC_WARN_UNUSED_FUNCTION = YES;
				GCC_WARN_UNUSED_VARIABLE = YES;
				IPHONEOS_DEPLOYMENT_TARGET = 16.0;
				MTL_ENABLE_DEBUG_INFO = INCLUDE_SOURCE;
				MTL_FAST_MATH = YES;
				ONLY_ACTIVE_ARCH = YES;
				SDKROOT = iphoneos;
				SWIFT_ACTIVE_COMPILATION_CONDITIONS = DEBUG;
				SWIFT_OPTIMIZATION_LEVEL = "-Onone";
			};
			name = Debug;
		};
		9A66FE7B29AF475E00F6ACD5 /* Release */ = {
			isa = XCBuildConfiguration;
			buildSettings = {
				ALWAYS_SEARCH_USER_PATHS = NO;
				CLANG_ANALYZER_NONNULL = YES;
				CLANG_ANALYZER_NUMBER_OBJECT_CONVERSION = YES_AGGRESSIVE;
				CLANG_CXX_LANGUAGE_STANDARD = "gnu++20";
				CLANG_ENABLE_MODULES = YES;
				CLANG_ENABLE_OBJC_ARC = YES;
				CLANG_ENABLE_OBJC_WEAK = YES;
				CLANG_WARN_BLOCK_CAPTURE_AUTORELEASING = YES;
				CLANG_WARN_BOOL_CONVERSION = YES;
				CLANG_WARN_COMMA = YES;
				CLANG_WARN_CONSTANT_CONVERSION = YES;
				CLANG_WARN_DEPRECATED_OBJC_IMPLEMENTATIONS = YES;
				CLANG_WARN_DIRECT_OBJC_ISA_USAGE = YES_ERROR;
				CLANG_WARN_DOCUMENTATION_COMMENTS = YES;
				CLANG_WARN_EMPTY_BODY = YES;
				CLANG_WARN_ENUM_CONVERSION = YES;
				CLANG_WARN_INFINITE_RECURSION = YES;
				CLANG_WARN_INT_CONVERSION = YES;
				CLANG_WARN_NON_LITERAL_NULL_CONVERSION = YES;
				CLANG_WARN_OBJC_IMPLICIT_RETAIN_SELF = YES;
				CLANG_WARN_OBJC_LITERAL_CONVERSION = YES;
				CLANG_WARN_OBJC_ROOT_CLASS = YES_ERROR;
				CLANG_WARN_QUOTED_INCLUDE_IN_FRAMEWORK_HEADER = YES;
				CLANG_WARN_RANGE_LOOP_ANALYSIS = YES;
				CLANG_WARN_STRICT_PROTOTYPES = YES;
				CLANG_WARN_SUSPICIOUS_MOVE = YES;
				CLANG_WARN_UNGUARDED_AVAILABILITY = YES_AGGRESSIVE;
				CLANG_WARN_UNREACHABLE_CODE = YES;
				CLANG_WARN__DUPLICATE_METHOD_MATCH = YES;
				COPY_PHASE_STRIP = NO;
				DEBUG_INFORMATION_FORMAT = "dwarf-with-dsym";
				ENABLE_NS_ASSERTIONS = NO;
				ENABLE_STRICT_OBJC_MSGSEND = YES;
				GCC_C_LANGUAGE_STANDARD = gnu11;
				GCC_NO_COMMON_BLOCKS = YES;
				GCC_WARN_64_TO_32_BIT_CONVERSION = YES;
				GCC_WARN_ABOUT_RETURN_TYPE = YES_ERROR;
				GCC_WARN_UNDECLARED_SELECTOR = YES;
				GCC_WARN_UNINITIALIZED_AUTOS = YES_AGGRESSIVE;
				GCC_WARN_UNUSED_FUNCTION = YES;
				GCC_WARN_UNUSED_VARIABLE = YES;
				IPHONEOS_DEPLOYMENT_TARGET = 16.0;
				MTL_ENABLE_DEBUG_INFO = NO;
				MTL_FAST_MATH = YES;
				SDKROOT = iphoneos;
				SWIFT_COMPILATION_MODE = wholemodule;
				SWIFT_OPTIMIZATION_LEVEL = "-O";
				VALIDATE_PRODUCT = YES;
			};
			name = Release;
		};
		9A66FE7D29AF475E00F6ACD5 /* Debug */ = {
			isa = XCBuildConfiguration;
			baseConfigurationReference = 0E6BDF5259B4489BFD810343 /* Pods-Stitch.debug.xcconfig */;
			buildSettings = {
				ASSETCATALOG_COMPILER_APPICON_NAME = AppIcon;
				ASSETCATALOG_COMPILER_GLOBAL_ACCENT_COLOR_NAME = AccentColor;
				CODE_SIGN_STYLE = Automatic;
				CURRENT_PROJECT_VERSION = 1;
				DEVELOPMENT_TEAM = T679MHDYUJ;
				GENERATE_INFOPLIST_FILE = YES;
				INFOPLIST_FILE = Stitch/Info.plist;
				INFOPLIST_KEY_UIApplicationSupportsIndirectInputEvents = YES;
				INFOPLIST_KEY_UILaunchStoryboardName = LaunchScreen;
				INFOPLIST_KEY_UIMainStoryboardFile = "";
				INFOPLIST_KEY_UISupportedInterfaceOrientations_iPad = "UIInterfaceOrientationPortrait UIInterfaceOrientationPortraitUpsideDown UIInterfaceOrientationLandscapeLeft UIInterfaceOrientationLandscapeRight";
				INFOPLIST_KEY_UISupportedInterfaceOrientations_iPhone = "UIInterfaceOrientationPortrait UIInterfaceOrientationLandscapeLeft UIInterfaceOrientationLandscapeRight";
				LD_RUNPATH_SEARCH_PATHS = (
					"$(inherited)",
					"@executable_path/Frameworks",
				);
				MARKETING_VERSION = 1.0;
				PRODUCT_BUNDLE_IDENTIFIER = com.example.Stitch;
				PRODUCT_NAME = "$(TARGET_NAME)";
				SWIFT_EMIT_LOC_STRINGS = YES;
				SWIFT_VERSION = 5.0;
				TARGETED_DEVICE_FAMILY = "1,2";
			};
			name = Debug;
		};
		9A66FE7E29AF475E00F6ACD5 /* Release */ = {
			isa = XCBuildConfiguration;
			baseConfigurationReference = 7F1597F86320BAFD654F1655 /* Pods-Stitch.release.xcconfig */;
			buildSettings = {
				ASSETCATALOG_COMPILER_APPICON_NAME = AppIcon;
				ASSETCATALOG_COMPILER_GLOBAL_ACCENT_COLOR_NAME = AccentColor;
				CODE_SIGN_STYLE = Automatic;
				CURRENT_PROJECT_VERSION = 1;
				DEVELOPMENT_TEAM = T679MHDYUJ;
				GENERATE_INFOPLIST_FILE = YES;
				INFOPLIST_FILE = Stitch/Info.plist;
				INFOPLIST_KEY_UIApplicationSupportsIndirectInputEvents = YES;
				INFOPLIST_KEY_UILaunchStoryboardName = LaunchScreen;
				INFOPLIST_KEY_UIMainStoryboardFile = "";
				INFOPLIST_KEY_UISupportedInterfaceOrientations_iPad = "UIInterfaceOrientationPortrait UIInterfaceOrientationPortraitUpsideDown UIInterfaceOrientationLandscapeLeft UIInterfaceOrientationLandscapeRight";
				INFOPLIST_KEY_UISupportedInterfaceOrientations_iPhone = "UIInterfaceOrientationPortrait UIInterfaceOrientationLandscapeLeft UIInterfaceOrientationLandscapeRight";
				LD_RUNPATH_SEARCH_PATHS = (
					"$(inherited)",
					"@executable_path/Frameworks",
				);
				MARKETING_VERSION = 1.0;
				PRODUCT_BUNDLE_IDENTIFIER = com.example.Stitch;
				PRODUCT_NAME = "$(TARGET_NAME)";
				SWIFT_EMIT_LOC_STRINGS = YES;
				SWIFT_VERSION = 5.0;
				TARGETED_DEVICE_FAMILY = "1,2";
			};
			name = Release;
		};
/* End XCBuildConfiguration section */

/* Begin XCConfigurationList section */
		9A66FE6329AF475B00F6ACD5 /* Build configuration list for PBXProject "Stitch" */ = {
			isa = XCConfigurationList;
			buildConfigurations = (
				9A66FE7A29AF475E00F6ACD5 /* Debug */,
				9A66FE7B29AF475E00F6ACD5 /* Release */,
			);
			defaultConfigurationIsVisible = 0;
			defaultConfigurationName = Release;
		};
		9A66FE7C29AF475E00F6ACD5 /* Build configuration list for PBXNativeTarget "Stitch" */ = {
			isa = XCConfigurationList;
			buildConfigurations = (
				9A66FE7D29AF475E00F6ACD5 /* Debug */,
				9A66FE7E29AF475E00F6ACD5 /* Release */,
			);
			defaultConfigurationIsVisible = 0;
			defaultConfigurationName = Release;
		};
/* End XCConfigurationList section */
	};
	rootObject = 9A66FE6029AF475B00F6ACD5 /* Project object */;
}
